// !$*UTF8*$!
{
	archiveVersion = 1;
	classes = {
	};
	objectVersion = 50;
	objects = {

/* Begin PBXBuildFile section */
		C43654862663BCC000A66BFE /* AnimatableModifiersApp.swift in Sources */ = {isa = PBXBuildFile; fileRef = C43654852663BCC000A66BFE /* AnimatableModifiersApp.swift */; };
		C43654882663BCC000A66BFE /* ContentView.swift in Sources */ = {isa = PBXBuildFile; fileRef = C43654872663BCC000A66BFE /* ContentView.swift */; };
		C436548A2663BCC200A66BFE /* Assets.xcassets in Resources */ = {isa = PBXBuildFile; fileRef = C43654892663BCC200A66BFE /* Assets.xcassets */; };
		C436548D2663BCC200A66BFE /* Preview Assets.xcassets in Resources */ = {isa = PBXBuildFile; fileRef = C436548C2663BCC200A66BFE /* Preview Assets.xcassets */; };
		C47D7C6926640016005C428C /* AnimatableCustomFontModifierView.swift in Sources */ = {isa = PBXBuildFile; fileRef = C47D7C6826640016005C428C /* AnimatableCustomFontModifierView.swift */; };
		C47D7C6B266401EA005C428C /* AnimatableSystemFontModifierView.swift in Sources */ = {isa = PBXBuildFile; fileRef = C47D7C6A266401EA005C428C /* AnimatableSystemFontModifierView.swift */; };
/* End PBXBuildFile section */

/* Begin PBXFileReference section */
		C43654822663BCC000A66BFE /* AnimatableModifiers.app */ = {isa = PBXFileReference; explicitFileType = wrapper.application; includeInIndex = 0; path = AnimatableModifiers.app; sourceTree = BUILT_PRODUCTS_DIR; };
		C43654852663BCC000A66BFE /* AnimatableModifiersApp.swift */ = {isa = PBXFileReference; lastKnownFileType = sourcecode.swift; path = AnimatableModifiersApp.swift; sourceTree = "<group>"; };
		C43654872663BCC000A66BFE /* ContentView.swift */ = {isa = PBXFileReference; lastKnownFileType = sourcecode.swift; path = ContentView.swift; sourceTree = "<group>"; };
		C43654892663BCC200A66BFE /* Assets.xcassets */ = {isa = PBXFileReference; lastKnownFileType = folder.assetcatalog; path = Assets.xcassets; sourceTree = "<group>"; };
		C436548C2663BCC200A66BFE /* Preview Assets.xcassets */ = {isa = PBXFileReference; lastKnownFileType = folder.assetcatalog; path = "Preview Assets.xcassets"; sourceTree = "<group>"; };
		C436548E2663BCC200A66BFE /* Info.plist */ = {isa = PBXFileReference; lastKnownFileType = text.plist.xml; path = Info.plist; sourceTree = "<group>"; };
		C47D7C6826640016005C428C /* AnimatableCustomFontModifierView.swift */ = {isa = PBXFileReference; lastKnownFileType = sourcecode.swift; path = AnimatableCustomFontModifierView.swift; sourceTree = "<group>"; };
		C47D7C6A266401EA005C428C /* AnimatableSystemFontModifierView.swift */ = {isa = PBXFileReference; lastKnownFileType = sourcecode.swift; path = AnimatableSystemFontModifierView.swift; sourceTree = "<group>"; };
/* End PBXFileReference section */

/* Begin PBXFrameworksBuildPhase section */
		C436547F2663BCC000A66BFE /* Frameworks */ = {
			isa = PBXFrameworksBuildPhase;
			buildActionMask = 2147483647;
			files = (
			);
			runOnlyForDeploymentPostprocessing = 0;
		};
/* End PBXFrameworksBuildPhase section */

/* Begin PBXGroup section */
		C43654792663BCC000A66BFE = {
			isa = PBXGroup;
			children = (
				C43654842663BCC000A66BFE /* AnimatableModifiers */,
				C43654832663BCC000A66BFE /* Products */,
			);
			sourceTree = "<group>";
		};
		C43654832663BCC000A66BFE /* Products */ = {
			isa = PBXGroup;
			children = (
				C43654822663BCC000A66BFE /* AnimatableModifiers.app */,
			);
			name = Products;
			sourceTree = "<group>";
		};
		C43654842663BCC000A66BFE /* AnimatableModifiers */ = {
			isa = PBXGroup;
			children = (
				C43654852663BCC000A66BFE /* AnimatableModifiersApp.swift */,
				C43654872663BCC000A66BFE /* ContentView.swift */,
				C43654892663BCC200A66BFE /* Assets.xcassets */,
				C436548E2663BCC200A66BFE /* Info.plist */,
				C436548B2663BCC200A66BFE /* Preview Content */,
				C47D7C6826640016005C428C /* AnimatableCustomFontModifierView.swift */,
				C47D7C6A266401EA005C428C /* AnimatableSystemFontModifierView.swift */,
			);
			path = AnimatableModifiers;
			sourceTree = "<group>";
		};
		C436548B2663BCC200A66BFE /* Preview Content */ = {
			isa = PBXGroup;
			children = (
				C436548C2663BCC200A66BFE /* Preview Assets.xcassets */,
			);
			path = "Preview Content";
			sourceTree = "<group>";
		};
/* End PBXGroup section */

/* Begin PBXNativeTarget section */
		C43654812663BCC000A66BFE /* AnimatableModifiers */ = {
			isa = PBXNativeTarget;
			buildConfigurationList = C43654912663BCC200A66BFE /* Build configuration list for PBXNativeTarget "AnimatableModifiers" */;
			buildPhases = (
				C436547E2663BCC000A66BFE /* Sources */,
				C436547F2663BCC000A66BFE /* Frameworks */,
				C43654802663BCC000A66BFE /* Resources */,
			);
			buildRules = (
			);
			dependencies = (
			);
			name = AnimatableModifiers;
			productName = AnimatableModifiers;
			productReference = C43654822663BCC000A66BFE /* AnimatableModifiers.app */;
			productType = "com.apple.product-type.application";
		};
/* End PBXNativeTarget section */

/* Begin PBXProject section */
		C436547A2663BCC000A66BFE /* Project object */ = {
			isa = PBXProject;
			attributes = {
				LastSwiftUpdateCheck = 1250;
				LastUpgradeCheck = 1250;
				TargetAttributes = {
					C43654812663BCC000A66BFE = {
						CreatedOnToolsVersion = 12.5;
					};
				};
			};
			buildConfigurationList = C436547D2663BCC000A66BFE /* Build configuration list for PBXProject "AnimatableModifiers" */;
			compatibilityVersion = "Xcode 9.3";
			developmentRegion = en;
			hasScannedForEncodings = 0;
			knownRegions = (
				en,
				Base,
			);
			mainGroup = C43654792663BCC000A66BFE;
			productRefGroup = C43654832663BCC000A66BFE /* Products */;
			projectDirPath = "";
			projectRoot = "";
			targets = (
				C43654812663BCC000A66BFE /* AnimatableModifiers */,
			);
		};
/* End PBXProject section */

/* Begin PBXResourcesBuildPhase section */
		C43654802663BCC000A66BFE /* Resources */ = {
			isa = PBXResourcesBuildPhase;
			buildActionMask = 2147483647;
			files = (
				C436548D2663BCC200A66BFE /* Preview Assets.xcassets in Resources */,
				C436548A2663BCC200A66BFE /* Assets.xcassets in Resources */,
			);
			runOnlyForDeploymentPostprocessing = 0;
		};
/* End PBXResourcesBuildPhase section */

/* Begin PBXSourcesBuildPhase section */
		C436547E2663BCC000A66BFE /* Sources */ = {
			isa = PBXSourcesBuildPhase;
			buildActionMask = 2147483647;
			files = (
				C43654882663BCC000A66BFE /* ContentView.swift in Sources */,
				C47D7C6B266401EA005C428C /* AnimatableSystemFontModifierView.swift in Sources */,
				C43654862663BCC000A66BFE /* AnimatableModifiersApp.swift in Sources */,
				C47D7C6926640016005C428C /* AnimatableCustomFontModifierView.swift in Sources */,
			);
			runOnlyForDeploymentPostprocessing = 0;
		};
/* End PBXSourcesBuildPhase section */

/* Begin XCBuildConfiguration section */
		C436548F2663BCC200A66BFE /* Debug */ = {
			isa = XCBuildConfiguration;
			buildSettings = {
				ALWAYS_SEARCH_USER_PATHS = NO;
				CLANG_ANALYZER_NONNULL = YES;
				CLANG_ANALYZER_NUMBER_OBJECT_CONVERSION = YES_AGGRESSIVE;
				CLANG_CXX_LANGUAGE_STANDARD = "gnu++14";
				CLANG_CXX_LIBRARY = "libc++";
				CLANG_ENABLE_MODULES = YES;
				CLANG_ENABLE_OBJC_ARC = YES;
				CLANG_ENABLE_OBJC_WEAK = YES;
				CLANG_WARN_BLOCK_CAPTURE_AUTORELEASING = YES;
				CLANG_WARN_BOOL_CONVERSION = YES;
				CLANG_WARN_COMMA = YES;
				CLANG_WARN_CONSTANT_CONVERSION = YES;
				CLANG_WARN_DEPRECATED_OBJC_IMPLEMENTATIONS = YES;
				CLANG_WARN_DIRECT_OBJC_ISA_USAGE = YES_ERROR;
				CLANG_WARN_DOCUMENTATION_COMMENTS = YES;
				CLANG_WARN_EMPTY_BODY = YES;
				CLANG_WARN_ENUM_CONVERSION = YES;
				CLANG_WARN_INFINITE_RECURSION = YES;
				CLANG_WARN_INT_CONVERSION = YES;
				CLANG_WARN_NON_LITERAL_NULL_CONVERSION = YES;
				CLANG_WARN_OBJC_IMPLICIT_RETAIN_SELF = YES;
				CLANG_WARN_OBJC_LITERAL_CONVERSION = YES;
				CLANG_WARN_OBJC_ROOT_CLASS = YES_ERROR;
				CLANG_WARN_QUOTED_INCLUDE_IN_FRAMEWORK_HEADER = YES;
				CLANG_WARN_RANGE_LOOP_ANALYSIS = YES;
				CLANG_WARN_STRICT_PROTOTYPES = YES;
				CLANG_WARN_SUSPICIOUS_MOVE = YES;
				CLANG_WARN_UNGUARDED_AVAILABILITY = YES_AGGRESSIVE;
				CLANG_WARN_UNREACHABLE_CODE = YES;
				CLANG_WARN__DUPLICATE_METHOD_MATCH = YES;
				COPY_PHASE_STRIP = NO;
				DEBUG_INFORMATION_FORMAT = dwarf;
				ENABLE_STRICT_OBJC_MSGSEND = YES;
				ENABLE_TESTABILITY = YES;
				GCC_C_LANGUAGE_STANDARD = gnu11;
				GCC_DYNAMIC_NO_PIC = NO;
				GCC_NO_COMMON_BLOCKS = YES;
				GCC_OPTIMIZATION_LEVEL = 0;
				GCC_PREPROCESSOR_DEFINITIONS = (
					"DEBUG=1",
					"$(inherited)",
				);
				GCC_WARN_64_TO_32_BIT_CONVERSION = YES;
				GCC_WARN_ABOUT_RETURN_TYPE = YES_ERROR;
				GCC_WARN_UNDECLARED_SELECTOR = YES;
				GCC_WARN_UNINITIALIZED_AUTOS = YES_AGGRESSIVE;
				GCC_WARN_UNUSED_FUNCTION = YES;
				GCC_WARN_UNUSED_VARIABLE = YES;
				IPHONEOS_DEPLOYMENT_TARGET = 14.5;
				MTL_ENABLE_DEBUG_INFO = INCLUDE_SOURCE;
				MTL_FAST_MATH = YES;
				ONLY_ACTIVE_ARCH = YES;
				SDKROOT = iphoneos;
				SWIFT_ACTIVE_COMPILATION_CONDITIONS = DEBUG;
				SWIFT_OPTIMIZATION_LEVEL = "-Onone";
			};
			name = Debug;
		};
		C43654902663BCC200A66BFE /* Release */ = {
			isa = XCBuildConfiguration;
			buildSettings = {
				ALWAYS_SEARCH_USER_PATHS = NO;
				CLANG_ANALYZER_NONNULL = YES;
				CLANG_ANALYZER_NUMBER_OBJECT_CONVERSION = YES_AGGRESSIVE;
				CLANG_CXX_LANGUAGE_STANDARD = "gnu++14";
				CLANG_CXX_LIBRARY = "libc++";
				CLANG_ENABLE_MODULES = YES;
				CLANG_ENABLE_OBJC_ARC = YES;
				CLANG_ENABLE_OBJC_WEAK = YES;
				CLANG_WARN_BLOCK_CAPTURE_AUTORELEASING = YES;
				CLANG_WARN_BOOL_CONVERSION = YES;
				CLANG_WARN_COMMA = YES;
				CLANG_WARN_CONSTANT_CONVERSION = YES;
				CLANG_WARN_DEPRECATED_OBJC_IMPLEMENTATIONS = YES;
				CLANG_WARN_DIRECT_OBJC_ISA_USAGE = YES_ERROR;
				CLANG_WARN_DOCUMENTATION_COMMENTS = YES;
				CLANG_WARN_EMPTY_BODY = YES;
				CLANG_WARN_ENUM_CONVERSION = YES;
				CLANG_WARN_INFINITE_RECURSION = YES;
				CLANG_WARN_INT_CONVERSION = YES;
				CLANG_WARN_NON_LITERAL_NULL_CONVERSION = YES;
				CLANG_WARN_OBJC_IMPLICIT_RETAIN_SELF = YES;
				CLANG_WARN_OBJC_LITERAL_CONVERSION = YES;
				CLANG_WARN_OBJC_ROOT_CLASS = YES_ERROR;
				CLANG_WARN_QUOTED_INCLUDE_IN_FRAMEWORK_HEADER = YES;
				CLANG_WARN_RANGE_LOOP_ANALYSIS = YES;
				CLANG_WARN_STRICT_PROTOTYPES = YES;
				CLANG_WARN_SUSPICIOUS_MOVE = YES;
				CLANG_WARN_UNGUARDED_AVAILABILITY = YES_AGGRESSIVE;
				CLANG_WARN_UNREACHABLE_CODE = YES;
				CLANG_WARN__DUPLICATE_METHOD_MATCH = YES;
				COPY_PHASE_STRIP = NO;
				DEBUG_INFORMATION_FORMAT = "dwarf-with-dsym";
				ENABLE_NS_ASSERTIONS = NO;
				ENABLE_STRICT_OBJC_MSGSEND = YES;
				GCC_C_LANGUAGE_STANDARD = gnu11;
				GCC_NO_COMMON_BLOCKS = YES;
				GCC_WARN_64_TO_32_BIT_CONVERSION = YES;
				GCC_WARN_ABOUT_RETURN_TYPE = YES_ERROR;
				GCC_WARN_UNDECLARED_SELECTOR = YES;
				GCC_WARN_UNINITIALIZED_AUTOS = YES_AGGRESSIVE;
				GCC_WARN_UNUSED_FUNCTION = YES;
				GCC_WARN_UNUSED_VARIABLE = YES;
				IPHONEOS_DEPLOYMENT_TARGET = 14.5;
				MTL_ENABLE_DEBUG_INFO = NO;
				MTL_FAST_MATH = YES;
				SDKROOT = iphoneos;
				SWIFT_COMPILATION_MODE = wholemodule;
				SWIFT_OPTIMIZATION_LEVEL = "-O";
				VALIDATE_PRODUCT = YES;
			};
			name = Release;
		};
		C43654922663BCC200A66BFE /* Debug */ = {
			isa = XCBuildConfiguration;
			buildSettings = {
				ASSETCATALOG_COMPILER_APPICON_NAME = AppIcon;
				ASSETCATALOG_COMPILER_GLOBAL_ACCENT_COLOR_NAME = AccentColor;
				CODE_SIGN_STYLE = Automatic;
				DEVELOPMENT_ASSET_PATHS = "\"AnimatableModifiers/Preview Content\"";
				DEVELOPMENT_TEAM = N3UAW24N2E;
				ENABLE_PREVIEWS = YES;
				INFOPLIST_FILE = AnimatableModifiers/Info.plist;
				IPHONEOS_DEPLOYMENT_TARGET = 14.0;
				LD_RUNPATH_SEARCH_PATHS = (
					"$(inherited)",
					"@executable_path/Frameworks",
				);
				PRODUCT_BUNDLE_IDENTIFIER = com.skofic.AnimatableModifiers;
				PRODUCT_NAME = "$(TARGET_NAME)";
				SWIFT_VERSION = 5.0;
				TARGETED_DEVICE_FAMILY = "1,2";
			};
			name = Debug;
		};
		C43654932663BCC200A66BFE /* Release */ = {
			isa = XCBuildConfiguration;
			buildSettings = {
				ASSETCATALOG_COMPILER_APPICON_NAME = AppIcon;
				ASSETCATALOG_COMPILER_GLOBAL_ACCENT_COLOR_NAME = AccentColor;
				CODE_SIGN_STYLE = Automatic;
				DEVELOPMENT_ASSET_PATHS = "\"AnimatableModifiers/Preview Content\"";
				DEVELOPMENT_TEAM = N3UAW24N2E;
				ENABLE_PREVIEWS = YES;
				INFOPLIST_FILE = AnimatableModifiers/Info.plist;
				IPHONEOS_DEPLOYMENT_TARGET = 14.0;
				LD_RUNPATH_SEARCH_PATHS = (
					"$(inherited)",
					"@executable_path/Frameworks",
				);
				PRODUCT_BUNDLE_IDENTIFIER = com.skofic.AnimatableModifiers;
				PRODUCT_NAME = "$(TARGET_NAME)";
				SWIFT_VERSION = 5.0;
				TARGETED_DEVICE_FAMILY = "1,2";
			};
			name = Release;
		};
/* End XCBuildConfiguration section */

/* Begin XCConfigurationList section */
		C436547D2663BCC000A66BFE /* Build configuration list for PBXProject "AnimatableModifiers" */ = {
			isa = XCConfigurationList;
			buildConfigurations = (
				C436548F2663BCC200A66BFE /* Debug */,
				C43654902663BCC200A66BFE /* Release */,
			);
			defaultConfigurationIsVisible = 0;
			defaultConfigurationName = Release;
		};
		C43654912663BCC200A66BFE /* Build configuration list for PBXNativeTarget "AnimatableModifiers" */ = {
			isa = XCConfigurationList;
			buildConfigurations = (
				C43654922663BCC200A66BFE /* Debug */,
				C43654932663BCC200A66BFE /* Release */,
			);
			defaultConfigurationIsVisible = 0;
			defaultConfigurationName = Release;
		};
/* End XCConfigurationList section */
	};
	rootObject = C436547A2663BCC000A66BFE /* Project object */;
}
